// !$*UTF8*$!
{
	archiveVersion = 1;
	classes = {
	};
	objectVersion = 55;
	objects = {

/* Begin PBXBuildFile section */
		4507AF44289465CC00DF3D8E /* DetailsViewController.m in Sources */ = {isa = PBXBuildFile; fileRef = 4507AF43289465CC00DF3D8E /* DetailsViewController.m */; };
		455B2EDD2877AAB900524595 /* SpotifyiOS.xcframework in Frameworks */ = {isa = PBXBuildFile; fileRef = 455B2EDC2877AAB900524595 /* SpotifyiOS.xcframework */; };
		455B2EE32878B85D00524595 /* ConnectView.m in Sources */ = {isa = PBXBuildFile; fileRef = 455B2EE22878B85D00524595 /* ConnectView.m */; };
		455B2EE62878B89B00524595 /* ConnectButton.m in Sources */ = {isa = PBXBuildFile; fileRef = 455B2EE52878B89B00524595 /* ConnectButton.m */; };
		4578A3E22876323800EB96A0 /* SpotifyAPIManager.m in Sources */ = {isa = PBXBuildFile; fileRef = 4578A3E12876323800EB96A0 /* SpotifyAPIManager.m */; };
		4578A3E52876525A00EB96A0 /* MatchCell.m in Sources */ = {isa = PBXBuildFile; fileRef = 4578A3E42876525A00EB96A0 /* MatchCell.m */; };
		459577892874F04300D566DE /* AppDelegate.m in Sources */ = {isa = PBXBuildFile; fileRef = 459577882874F04300D566DE /* AppDelegate.m */; };
		4595778C2874F04300D566DE /* SceneDelegate.m in Sources */ = {isa = PBXBuildFile; fileRef = 4595778B2874F04300D566DE /* SceneDelegate.m */; };
		459577922874F04300D566DE /* Main.storyboard in Resources */ = {isa = PBXBuildFile; fileRef = 459577902874F04300D566DE /* Main.storyboard */; };
		459577942874F04500D566DE /* Assets.xcassets in Resources */ = {isa = PBXBuildFile; fileRef = 459577932874F04500D566DE /* Assets.xcassets */; };
		459577972874F04500D566DE /* LaunchScreen.storyboard in Resources */ = {isa = PBXBuildFile; fileRef = 459577952874F04500D566DE /* LaunchScreen.storyboard */; };
		4595779A2874F04500D566DE /* main.m in Sources */ = {isa = PBXBuildFile; fileRef = 459577992874F04500D566DE /* main.m */; };
		459577A42874F04500D566DE /* MusicTasteTests.m in Sources */ = {isa = PBXBuildFile; fileRef = 459577A32874F04500D566DE /* MusicTasteTests.m */; };
		459577AE2874F04500D566DE /* MusicTasteUITests.m in Sources */ = {isa = PBXBuildFile; fileRef = 459577AD2874F04500D566DE /* MusicTasteUITests.m */; };
		459577B02874F04500D566DE /* MusicTasteUITestsLaunchTests.m in Sources */ = {isa = PBXBuildFile; fileRef = 459577AF2874F04500D566DE /* MusicTasteUITestsLaunchTests.m */; };
		459577BE28760D8900D566DE /* ConnectViewController.m in Sources */ = {isa = PBXBuildFile; fileRef = 459577BD28760D8900D566DE /* ConnectViewController.m */; };
		459577C428760DB800D566DE /* ProfileViewController.m in Sources */ = {isa = PBXBuildFile; fileRef = 459577C328760DB800D566DE /* ProfileViewController.m */; };
		45B0EA52287EF86E00C4ABD2 /* LoginViewController.m in Sources */ = {isa = PBXBuildFile; fileRef = 45B0EA51287EF86E00C4ABD2 /* LoginViewController.m */; };
		45B3C47F28986D9E00043E36 /* EditViewController.m in Sources */ = {isa = PBXBuildFile; fileRef = 45B3C47E28986D9E00043E36 /* EditViewController.m */; };
		45B3C4812898FC6000043E36 /* MatchmakingViewController.m in Sources */ = {isa = PBXBuildFile; fileRef = 45B3C4802898FC6000043E36 /* MatchmakingViewController.m */; };
		45FDD0532881B55F003483A5 /* User.m in Sources */ = {isa = PBXBuildFile; fileRef = 45FDD0522881B55F003483A5 /* User.m */; };
		45FDD0562885E0C1003483A5 /* MatchingAlgorithm.m in Sources */ = {isa = PBXBuildFile; fileRef = 45FDD0552885E0C1003483A5 /* MatchingAlgorithm.m */; };
		5302006FE955DF688B280E5A /* Pods_MusicTasteTests.framework in Frameworks */ = {isa = PBXBuildFile; fileRef = DD6761B3501A7DCBBD555BF1 /* Pods_MusicTasteTests.framework */; };
		68836B6E5AD463096802F15E /* Pods_MusicTaste.framework in Frameworks */ = {isa = PBXBuildFile; fileRef = E3AC11E3EF09D70605DD95D2 /* Pods_MusicTaste.framework */; };
		7EA3B509A988087A8718BFAE /* Pods_MusicTasteUITests.framework in Frameworks */ = {isa = PBXBuildFile; fileRef = 04285ABD86E27BB8B7A101AC /* Pods_MusicTasteUITests.framework */; };
/* End PBXBuildFile section */

/* Begin PBXContainerItemProxy section */
		459577A02874F04500D566DE /* PBXContainerItemProxy */ = {
			isa = PBXContainerItemProxy;
			containerPortal = 4595777C2874F04300D566DE /* Project object */;
			proxyType = 1;
			remoteGlobalIDString = 459577832874F04300D566DE;
			remoteInfo = MusicTaste;
		};
		459577AA2874F04500D566DE /* PBXContainerItemProxy */ = {
			isa = PBXContainerItemProxy;
			containerPortal = 4595777C2874F04300D566DE /* Project object */;
			proxyType = 1;
			remoteGlobalIDString = 459577832874F04300D566DE;
			remoteInfo = MusicTaste;
		};
/* End PBXContainerItemProxy section */

/* Begin PBXFileReference section */
		04285ABD86E27BB8B7A101AC /* Pods_MusicTasteUITests.framework */ = {isa = PBXFileReference; explicitFileType = wrapper.framework; includeInIndex = 0; path = Pods_MusicTasteUITests.framework; sourceTree = BUILT_PRODUCTS_DIR; };
		047EF19126B25DCAA859E7C6 /* Pods-MusicTasteTests.release.xcconfig */ = {isa = PBXFileReference; includeInIndex = 1; lastKnownFileType = text.xcconfig; name = "Pods-MusicTasteTests.release.xcconfig"; path = "Pods/Target Support Files/Pods-MusicTasteTests/Pods-MusicTasteTests.release.xcconfig"; sourceTree = "<group>"; };
		4507AF42289465CC00DF3D8E /* DetailsViewController.h */ = {isa = PBXFileReference; lastKnownFileType = sourcecode.c.h; path = DetailsViewController.h; sourceTree = "<group>"; };
		4507AF43289465CC00DF3D8E /* DetailsViewController.m */ = {isa = PBXFileReference; lastKnownFileType = sourcecode.c.objc; path = DetailsViewController.m; sourceTree = "<group>"; };
		455B2EDC2877AAB900524595 /* SpotifyiOS.xcframework */ = {isa = PBXFileReference; lastKnownFileType = wrapper.xcframework; path = SpotifyiOS.xcframework; sourceTree = "<group>"; };
		455B2EE12878B85D00524595 /* ConnectView.h */ = {isa = PBXFileReference; lastKnownFileType = sourcecode.c.h; path = ConnectView.h; sourceTree = "<group>"; };
		455B2EE22878B85D00524595 /* ConnectView.m */ = {isa = PBXFileReference; lastKnownFileType = sourcecode.c.objc; path = ConnectView.m; sourceTree = "<group>"; };
		455B2EE42878B89B00524595 /* ConnectButton.h */ = {isa = PBXFileReference; lastKnownFileType = sourcecode.c.h; path = ConnectButton.h; sourceTree = "<group>"; };
		455B2EE52878B89B00524595 /* ConnectButton.m */ = {isa = PBXFileReference; lastKnownFileType = sourcecode.c.objc; path = ConnectButton.m; sourceTree = "<group>"; };
		4578A3E02876323800EB96A0 /* SpotifyAPIManager.h */ = {isa = PBXFileReference; lastKnownFileType = sourcecode.c.h; path = SpotifyAPIManager.h; sourceTree = "<group>"; };
		4578A3E12876323800EB96A0 /* SpotifyAPIManager.m */ = {isa = PBXFileReference; lastKnownFileType = sourcecode.c.objc; path = SpotifyAPIManager.m; sourceTree = "<group>"; };
		4578A3E32876525A00EB96A0 /* MatchCell.h */ = {isa = PBXFileReference; lastKnownFileType = sourcecode.c.h; path = MatchCell.h; sourceTree = "<group>"; };
		4578A3E42876525A00EB96A0 /* MatchCell.m */ = {isa = PBXFileReference; lastKnownFileType = sourcecode.c.objc; path = MatchCell.m; sourceTree = "<group>"; };
		459577842874F04300D566DE /* MusicTaste.app */ = {isa = PBXFileReference; explicitFileType = wrapper.application; includeInIndex = 0; path = MusicTaste.app; sourceTree = BUILT_PRODUCTS_DIR; };
		459577872874F04300D566DE /* AppDelegate.h */ = {isa = PBXFileReference; lastKnownFileType = sourcecode.c.h; path = AppDelegate.h; sourceTree = "<group>"; };
		459577882874F04300D566DE /* AppDelegate.m */ = {isa = PBXFileReference; lastKnownFileType = sourcecode.c.objc; path = AppDelegate.m; sourceTree = "<group>"; };
		4595778A2874F04300D566DE /* SceneDelegate.h */ = {isa = PBXFileReference; lastKnownFileType = sourcecode.c.h; path = SceneDelegate.h; sourceTree = "<group>"; };
		4595778B2874F04300D566DE /* SceneDelegate.m */ = {isa = PBXFileReference; lastKnownFileType = sourcecode.c.objc; path = SceneDelegate.m; sourceTree = "<group>"; };
		459577912874F04300D566DE /* Base */ = {isa = PBXFileReference; lastKnownFileType = file.storyboard; name = Base; path = Base.lproj/Main.storyboard; sourceTree = "<group>"; };
		459577932874F04500D566DE /* Assets.xcassets */ = {isa = PBXFileReference; lastKnownFileType = folder.assetcatalog; path = Assets.xcassets; sourceTree = "<group>"; };
		459577962874F04500D566DE /* Base */ = {isa = PBXFileReference; lastKnownFileType = file.storyboard; name = Base; path = Base.lproj/LaunchScreen.storyboard; sourceTree = "<group>"; };
		459577982874F04500D566DE /* Info.plist */ = {isa = PBXFileReference; lastKnownFileType = text.plist.xml; path = Info.plist; sourceTree = "<group>"; };
		459577992874F04500D566DE /* main.m */ = {isa = PBXFileReference; lastKnownFileType = sourcecode.c.objc; path = main.m; sourceTree = "<group>"; };
		4595779F2874F04500D566DE /* MusicTasteTests.xctest */ = {isa = PBXFileReference; explicitFileType = wrapper.cfbundle; includeInIndex = 0; path = MusicTasteTests.xctest; sourceTree = BUILT_PRODUCTS_DIR; };
		459577A32874F04500D566DE /* MusicTasteTests.m */ = {isa = PBXFileReference; lastKnownFileType = sourcecode.c.objc; path = MusicTasteTests.m; sourceTree = "<group>"; };
		459577A92874F04500D566DE /* MusicTasteUITests.xctest */ = {isa = PBXFileReference; explicitFileType = wrapper.cfbundle; includeInIndex = 0; path = MusicTasteUITests.xctest; sourceTree = BUILT_PRODUCTS_DIR; };
		459577AD2874F04500D566DE /* MusicTasteUITests.m */ = {isa = PBXFileReference; lastKnownFileType = sourcecode.c.objc; path = MusicTasteUITests.m; sourceTree = "<group>"; };
		459577AF2874F04500D566DE /* MusicTasteUITestsLaunchTests.m */ = {isa = PBXFileReference; lastKnownFileType = sourcecode.c.objc; path = MusicTasteUITestsLaunchTests.m; sourceTree = "<group>"; };
		459577BC28760D8900D566DE /* ConnectViewController.h */ = {isa = PBXFileReference; lastKnownFileType = sourcecode.c.h; path = ConnectViewController.h; sourceTree = "<group>"; };
		459577BD28760D8900D566DE /* ConnectViewController.m */ = {isa = PBXFileReference; lastKnownFileType = sourcecode.c.objc; path = ConnectViewController.m; sourceTree = "<group>"; };
		459577BF28760D9A00D566DE /* MatchmakingViewController.h */ = {isa = PBXFileReference; lastKnownFileType = sourcecode.c.h; path = MatchmakingViewController.h; sourceTree = "<group>"; };
		459577C228760DB800D566DE /* ProfileViewController.h */ = {isa = PBXFileReference; lastKnownFileType = sourcecode.c.h; path = ProfileViewController.h; sourceTree = "<group>"; };
		459577C328760DB800D566DE /* ProfileViewController.m */ = {isa = PBXFileReference; lastKnownFileType = sourcecode.c.objc; path = ProfileViewController.m; sourceTree = "<group>"; };
		45B0EA50287EF86E00C4ABD2 /* LoginViewController.h */ = {isa = PBXFileReference; lastKnownFileType = sourcecode.c.h; path = LoginViewController.h; sourceTree = "<group>"; };
		45B0EA51287EF86E00C4ABD2 /* LoginViewController.m */ = {isa = PBXFileReference; lastKnownFileType = sourcecode.c.objc; path = LoginViewController.m; sourceTree = "<group>"; };
		45B3C47D28986D9E00043E36 /* EditViewController.h */ = {isa = PBXFileReference; lastKnownFileType = sourcecode.c.h; path = EditViewController.h; sourceTree = "<group>"; };
		45B3C47E28986D9E00043E36 /* EditViewController.m */ = {isa = PBXFileReference; lastKnownFileType = sourcecode.c.objc; path = EditViewController.m; sourceTree = "<group>"; };
		45B3C4802898FC6000043E36 /* MatchmakingViewController.m */ = {isa = PBXFileReference; fileEncoding = 4; lastKnownFileType = sourcecode.c.objc; path = MatchmakingViewController.m; sourceTree = "<group>"; };
		45FDD0512881B55F003483A5 /* User.h */ = {isa = PBXFileReference; lastKnownFileType = sourcecode.c.h; path = User.h; sourceTree = "<group>"; };
		45FDD0522881B55F003483A5 /* User.m */ = {isa = PBXFileReference; lastKnownFileType = sourcecode.c.objc; path = User.m; sourceTree = "<group>"; };
		45FDD0542885E0C1003483A5 /* MatchingAlgorithm.h */ = {isa = PBXFileReference; lastKnownFileType = sourcecode.c.h; path = MatchingAlgorithm.h; sourceTree = "<group>"; };
		45FDD0552885E0C1003483A5 /* MatchingAlgorithm.m */ = {isa = PBXFileReference; lastKnownFileType = sourcecode.c.objc; path = MatchingAlgorithm.m; sourceTree = "<group>"; };
		72591BDFFA3BFA9B3F91603D /* Pods-MusicTaste.release.xcconfig */ = {isa = PBXFileReference; includeInIndex = 1; lastKnownFileType = text.xcconfig; name = "Pods-MusicTaste.release.xcconfig"; path = "Pods/Target Support Files/Pods-MusicTaste/Pods-MusicTaste.release.xcconfig"; sourceTree = "<group>"; };
		7BCEEB28C3CCC4CE38BF9D3D /* Pods-MusicTaste.debug.xcconfig */ = {isa = PBXFileReference; includeInIndex = 1; lastKnownFileType = text.xcconfig; name = "Pods-MusicTaste.debug.xcconfig"; path = "Pods/Target Support Files/Pods-MusicTaste/Pods-MusicTaste.debug.xcconfig"; sourceTree = "<group>"; };
		AFB78AFA4A4E6C836384A772 /* Pods-MusicTasteUITests.release.xcconfig */ = {isa = PBXFileReference; includeInIndex = 1; lastKnownFileType = text.xcconfig; name = "Pods-MusicTasteUITests.release.xcconfig"; path = "Pods/Target Support Files/Pods-MusicTasteUITests/Pods-MusicTasteUITests.release.xcconfig"; sourceTree = "<group>"; };
		B6E134AEED0782CD067C574F /* Pods-MusicTasteUITests.debug.xcconfig */ = {isa = PBXFileReference; includeInIndex = 1; lastKnownFileType = text.xcconfig; name = "Pods-MusicTasteUITests.debug.xcconfig"; path = "Pods/Target Support Files/Pods-MusicTasteUITests/Pods-MusicTasteUITests.debug.xcconfig"; sourceTree = "<group>"; };
		DD6761B3501A7DCBBD555BF1 /* Pods_MusicTasteTests.framework */ = {isa = PBXFileReference; explicitFileType = wrapper.framework; includeInIndex = 0; path = Pods_MusicTasteTests.framework; sourceTree = BUILT_PRODUCTS_DIR; };
		E3AC11E3EF09D70605DD95D2 /* Pods_MusicTaste.framework */ = {isa = PBXFileReference; explicitFileType = wrapper.framework; includeInIndex = 0; path = Pods_MusicTaste.framework; sourceTree = BUILT_PRODUCTS_DIR; };
		E55D3F626A9C1C281E979808 /* Pods-MusicTasteTests.debug.xcconfig */ = {isa = PBXFileReference; includeInIndex = 1; lastKnownFileType = text.xcconfig; name = "Pods-MusicTasteTests.debug.xcconfig"; path = "Pods/Target Support Files/Pods-MusicTasteTests/Pods-MusicTasteTests.debug.xcconfig"; sourceTree = "<group>"; };
/* End PBXFileReference section */

/* Begin PBXFrameworksBuildPhase section */
		459577812874F04300D566DE /* Frameworks */ = {
			isa = PBXFrameworksBuildPhase;
			buildActionMask = 2147483647;
			files = (
				455B2EDD2877AAB900524595 /* SpotifyiOS.xcframework in Frameworks */,
				68836B6E5AD463096802F15E /* Pods_MusicTaste.framework in Frameworks */,
			);
			runOnlyForDeploymentPostprocessing = 0;
		};
		4595779C2874F04500D566DE /* Frameworks */ = {
			isa = PBXFrameworksBuildPhase;
			buildActionMask = 2147483647;
			files = (
				5302006FE955DF688B280E5A /* Pods_MusicTasteTests.framework in Frameworks */,
			);
			runOnlyForDeploymentPostprocessing = 0;
		};
		459577A62874F04500D566DE /* Frameworks */ = {
			isa = PBXFrameworksBuildPhase;
			buildActionMask = 2147483647;
			files = (
				7EA3B509A988087A8718BFAE /* Pods_MusicTasteUITests.framework in Frameworks */,
			);
			runOnlyForDeploymentPostprocessing = 0;
		};
/* End PBXFrameworksBuildPhase section */

/* Begin PBXGroup section */
		0F7E0F50F3E00043CB3D0633 /* Pods */ = {
			isa = PBXGroup;
			children = (
				7BCEEB28C3CCC4CE38BF9D3D /* Pods-MusicTaste.debug.xcconfig */,
				72591BDFFA3BFA9B3F91603D /* Pods-MusicTaste.release.xcconfig */,
				E55D3F626A9C1C281E979808 /* Pods-MusicTasteTests.debug.xcconfig */,
				047EF19126B25DCAA859E7C6 /* Pods-MusicTasteTests.release.xcconfig */,
				B6E134AEED0782CD067C574F /* Pods-MusicTasteUITests.debug.xcconfig */,
				AFB78AFA4A4E6C836384A772 /* Pods-MusicTasteUITests.release.xcconfig */,
			);
			name = Pods;
			sourceTree = "<group>";
		};
		26FE249CEACF8A3C9D531490 /* Frameworks */ = {
			isa = PBXGroup;
			children = (
				455B2EDC2877AAB900524595 /* SpotifyiOS.xcframework */,
				E3AC11E3EF09D70605DD95D2 /* Pods_MusicTaste.framework */,
				DD6761B3501A7DCBBD555BF1 /* Pods_MusicTasteTests.framework */,
				04285ABD86E27BB8B7A101AC /* Pods_MusicTasteUITests.framework */,
			);
			name = Frameworks;
			sourceTree = "<group>";
		};
		455B2EE02878B7B500524595 /* Login */ = {
			isa = PBXGroup;
			children = (
				459577BC28760D8900D566DE /* ConnectViewController.h */,
				459577BD28760D8900D566DE /* ConnectViewController.m */,
				45B0EA50287EF86E00C4ABD2 /* LoginViewController.h */,
				45B0EA51287EF86E00C4ABD2 /* LoginViewController.m */,
				45B0EA53287EFA5C00C4ABD2 /* Button */,
			);
			path = Login;
			sourceTree = "<group>";
		};
		4578A3E62876526C00EB96A0 /* Cells */ = {
			isa = PBXGroup;
			children = (
				45FDD0522881B55F003483A5 /* User.m */,
				45FDD0512881B55F003483A5 /* User.h */,
				4578A3E42876525A00EB96A0 /* MatchCell.m */,
				4578A3E32876525A00EB96A0 /* MatchCell.h */,
			);
			path = Cells;
			sourceTree = "<group>";
		};
		4578A3E72876527B00EB96A0 /* APIManagers */ = {
			isa = PBXGroup;
			children = (
				4578A3E12876323800EB96A0 /* SpotifyAPIManager.m */,
				4578A3E02876323800EB96A0 /* SpotifyAPIManager.h */,
			);
			path = APIManagers;
			sourceTree = "<group>";
		};
		4595777B2874F04300D566DE = {
			isa = PBXGroup;
			children = (
				459577862874F04300D566DE /* MusicTaste */,
				459577A22874F04500D566DE /* MusicTasteTests */,
				459577AC2874F04500D566DE /* MusicTasteUITests */,
				459577852874F04300D566DE /* Products */,
				0F7E0F50F3E00043CB3D0633 /* Pods */,
				26FE249CEACF8A3C9D531490 /* Frameworks */,
			);
			sourceTree = "<group>";
		};
		459577852874F04300D566DE /* Products */ = {
			isa = PBXGroup;
			children = (
				459577842874F04300D566DE /* MusicTaste.app */,
				4595779F2874F04500D566DE /* MusicTasteTests.xctest */,
				459577A92874F04500D566DE /* MusicTasteUITests.xctest */,
			);
			name = Products;
			sourceTree = "<group>";
		};
		459577862874F04300D566DE /* MusicTaste */ = {
			isa = PBXGroup;
			children = (
				45FDD0552885E0C1003483A5 /* MatchingAlgorithm.m */,
				45FDD0542885E0C1003483A5 /* MatchingAlgorithm.h */,
				4578A3E62876526C00EB96A0 /* Cells */,
				4578A3E72876527B00EB96A0 /* APIManagers */,
				459577C528760DBF00D566DE /* View Controllers */,
				459577872874F04300D566DE /* AppDelegate.h */,
				459577882874F04300D566DE /* AppDelegate.m */,
				4595778A2874F04300D566DE /* SceneDelegate.h */,
				4595778B2874F04300D566DE /* SceneDelegate.m */,
				459577902874F04300D566DE /* Main.storyboard */,
				459577932874F04500D566DE /* Assets.xcassets */,
				459577952874F04500D566DE /* LaunchScreen.storyboard */,
				459577982874F04500D566DE /* Info.plist */,
				459577992874F04500D566DE /* main.m */,
			);
			path = MusicTaste;
			sourceTree = "<group>";
		};
		459577A22874F04500D566DE /* MusicTasteTests */ = {
			isa = PBXGroup;
			children = (
				459577A32874F04500D566DE /* MusicTasteTests.m */,
			);
			path = MusicTasteTests;
			sourceTree = "<group>";
		};
		459577AC2874F04500D566DE /* MusicTasteUITests */ = {
			isa = PBXGroup;
			children = (
				459577AD2874F04500D566DE /* MusicTasteUITests.m */,
				459577AF2874F04500D566DE /* MusicTasteUITestsLaunchTests.m */,
			);
			path = MusicTasteUITests;
			sourceTree = "<group>";
		};
		459577C528760DBF00D566DE /* View Controllers */ = {
			isa = PBXGroup;
			children = (
				455B2EE02878B7B500524595 /* Login */,
				459577BF28760D9A00D566DE /* MatchmakingViewController.h */,
				45B3C4802898FC6000043E36 /* MatchmakingViewController.m */,
				459577C228760DB800D566DE /* ProfileViewController.h */,
				459577C328760DB800D566DE /* ProfileViewController.m */,
				4507AF42289465CC00DF3D8E /* DetailsViewController.h */,
				4507AF43289465CC00DF3D8E /* DetailsViewController.m */,
				45B3C47D28986D9E00043E36 /* EditViewController.h */,
				45B3C47E28986D9E00043E36 /* EditViewController.m */,
			);
			path = "View Controllers";
			sourceTree = "<group>";
		};
		45B0EA53287EFA5C00C4ABD2 /* Button */ = {
			isa = PBXGroup;
			children = (
				455B2EE12878B85D00524595 /* ConnectView.h */,
				455B2EE22878B85D00524595 /* ConnectView.m */,
				455B2EE42878B89B00524595 /* ConnectButton.h */,
				455B2EE52878B89B00524595 /* ConnectButton.m */,
			);
			path = Button;
			sourceTree = "<group>";
		};
/* End PBXGroup section */

/* Begin PBXNativeTarget section */
		459577832874F04300D566DE /* MusicTaste */ = {
			isa = PBXNativeTarget;
			buildConfigurationList = 459577B32874F04500D566DE /* Build configuration list for PBXNativeTarget "MusicTaste" */;
			buildPhases = (
				6DBD3F396AB61C1DE9ABD840 /* [CP] Check Pods Manifest.lock */,
				459577802874F04300D566DE /* Sources */,
				459577812874F04300D566DE /* Frameworks */,
				459577822874F04300D566DE /* Resources */,
				0D7832A27C28FE383ADCA899 /* [CP] Embed Pods Frameworks */,
			);
			buildRules = (
			);
			dependencies = (
			);
			name = MusicTaste;
			productName = MusicTaste;
			productReference = 459577842874F04300D566DE /* MusicTaste.app */;
			productType = "com.apple.product-type.application";
		};
		4595779E2874F04500D566DE /* MusicTasteTests */ = {
			isa = PBXNativeTarget;
			buildConfigurationList = 459577B62874F04500D566DE /* Build configuration list for PBXNativeTarget "MusicTasteTests" */;
			buildPhases = (
				D31313425666CA1FD2F10596 /* [CP] Check Pods Manifest.lock */,
				4595779B2874F04500D566DE /* Sources */,
				4595779C2874F04500D566DE /* Frameworks */,
				4595779D2874F04500D566DE /* Resources */,
			);
			buildRules = (
			);
			dependencies = (
				459577A12874F04500D566DE /* PBXTargetDependency */,
			);
			name = MusicTasteTests;
			productName = MusicTasteTests;
			productReference = 4595779F2874F04500D566DE /* MusicTasteTests.xctest */;
			productType = "com.apple.product-type.bundle.unit-test";
		};
		459577A82874F04500D566DE /* MusicTasteUITests */ = {
			isa = PBXNativeTarget;
			buildConfigurationList = 459577B92874F04500D566DE /* Build configuration list for PBXNativeTarget "MusicTasteUITests" */;
			buildPhases = (
				394405792D72092222451405 /* [CP] Check Pods Manifest.lock */,
				459577A52874F04500D566DE /* Sources */,
				459577A62874F04500D566DE /* Frameworks */,
				459577A72874F04500D566DE /* Resources */,
			);
			buildRules = (
			);
			dependencies = (
				459577AB2874F04500D566DE /* PBXTargetDependency */,
			);
			name = MusicTasteUITests;
			productName = MusicTasteUITests;
			productReference = 459577A92874F04500D566DE /* MusicTasteUITests.xctest */;
			productType = "com.apple.product-type.bundle.ui-testing";
		};
/* End PBXNativeTarget section */

/* Begin PBXProject section */
		4595777C2874F04300D566DE /* Project object */ = {
			isa = PBXProject;
			attributes = {
				LastUpgradeCheck = 1340;
				TargetAttributes = {
					459577832874F04300D566DE = {
						CreatedOnToolsVersion = 13.4;
					};
					4595779E2874F04500D566DE = {
						CreatedOnToolsVersion = 13.4;
						TestTargetID = 459577832874F04300D566DE;
					};
					459577A82874F04500D566DE = {
						CreatedOnToolsVersion = 13.4;
						TestTargetID = 459577832874F04300D566DE;
					};
				};
			};
			buildConfigurationList = 4595777F2874F04300D566DE /* Build configuration list for PBXProject "MusicTaste" */;
			compatibilityVersion = "Xcode 13.0";
			developmentRegion = en;
			hasScannedForEncodings = 0;
			knownRegions = (
				en,
				Base,
			);
			mainGroup = 4595777B2874F04300D566DE;
			productRefGroup = 459577852874F04300D566DE /* Products */;
			projectDirPath = "";
			projectRoot = "";
			targets = (
				459577832874F04300D566DE /* MusicTaste */,
				4595779E2874F04500D566DE /* MusicTasteTests */,
				459577A82874F04500D566DE /* MusicTasteUITests */,
			);
		};
/* End PBXProject section */

/* Begin PBXResourcesBuildPhase section */
		459577822874F04300D566DE /* Resources */ = {
			isa = PBXResourcesBuildPhase;
			buildActionMask = 2147483647;
			files = (
				459577972874F04500D566DE /* LaunchScreen.storyboard in Resources */,
				459577942874F04500D566DE /* Assets.xcassets in Resources */,
				459577922874F04300D566DE /* Main.storyboard in Resources */,
			);
			runOnlyForDeploymentPostprocessing = 0;
		};
		4595779D2874F04500D566DE /* Resources */ = {
			isa = PBXResourcesBuildPhase;
			buildActionMask = 2147483647;
			files = (
			);
			runOnlyForDeploymentPostprocessing = 0;
		};
		459577A72874F04500D566DE /* Resources */ = {
			isa = PBXResourcesBuildPhase;
			buildActionMask = 2147483647;
			files = (
			);
			runOnlyForDeploymentPostprocessing = 0;
		};
/* End PBXResourcesBuildPhase section */

/* Begin PBXShellScriptBuildPhase section */
		0D7832A27C28FE383ADCA899 /* [CP] Embed Pods Frameworks */ = {
			isa = PBXShellScriptBuildPhase;
			buildActionMask = 2147483647;
			files = (
			);
			inputPaths = (
				"${SRCROOT}/Pods/Target Support Files/Pods-MusicTaste/Pods-MusicTaste-frameworks.sh",
				"${BUILT_PRODUCTS_DIR}/AFNetworking/AFNetworking.framework",
				"${BUILT_PRODUCTS_DIR}/Bolts/Bolts.framework",
				"${BUILT_PRODUCTS_DIR}/GMImagePicker/GMImagePicker.framework",
				"${BUILT_PRODUCTS_DIR}/HTPressableButton/HTPressableButton.framework",
				"${BUILT_PRODUCTS_DIR}/Parse/Parse.framework",
			);
			name = "[CP] Embed Pods Frameworks";
			outputPaths = (
				"${TARGET_BUILD_DIR}/${FRAMEWORKS_FOLDER_PATH}/AFNetworking.framework",
				"${TARGET_BUILD_DIR}/${FRAMEWORKS_FOLDER_PATH}/Bolts.framework",
				"${TARGET_BUILD_DIR}/${FRAMEWORKS_FOLDER_PATH}/GMImagePicker.framework",
				"${TARGET_BUILD_DIR}/${FRAMEWORKS_FOLDER_PATH}/HTPressableButton.framework",
				"${TARGET_BUILD_DIR}/${FRAMEWORKS_FOLDER_PATH}/Parse.framework",
			);
			runOnlyForDeploymentPostprocessing = 0;
			shellPath = /bin/sh;
			shellScript = "\"${SRCROOT}/Pods/Target Support Files/Pods-MusicTaste/Pods-MusicTaste-frameworks.sh\"\n";
			showEnvVarsInLog = 0;
		};
		394405792D72092222451405 /* [CP] Check Pods Manifest.lock */ = {
			isa = PBXShellScriptBuildPhase;
			buildActionMask = 2147483647;
			files = (
			);
			inputPaths = (
				"${PODS_PODFILE_DIR_PATH}/Podfile.lock",
				"${PODS_ROOT}/Manifest.lock",
			);
			name = "[CP] Check Pods Manifest.lock";
			outputPaths = (
				"$(DERIVED_FILE_DIR)/Pods-MusicTasteUITests-checkManifestLockResult.txt",
			);
			runOnlyForDeploymentPostprocessing = 0;
			shellPath = /bin/sh;
			shellScript = "diff \"${PODS_PODFILE_DIR_PATH}/Podfile.lock\" \"${PODS_ROOT}/Manifest.lock\" > /dev/null\nif [ $? != 0 ] ; then\n    # print error to STDERR\n    echo \"error: The sandbox is not in sync with the Podfile.lock. Run 'pod install' or update your CocoaPods installation.\" >&2\n    exit 1\nfi\n# This output is used by Xcode 'outputs' to avoid re-running this script phase.\necho \"SUCCESS\" > \"${SCRIPT_OUTPUT_FILE_0}\"\n";
			showEnvVarsInLog = 0;
		};
		6DBD3F396AB61C1DE9ABD840 /* [CP] Check Pods Manifest.lock */ = {
			isa = PBXShellScriptBuildPhase;
			buildActionMask = 2147483647;
			files = (
			);
			inputPaths = (
				"${PODS_PODFILE_DIR_PATH}/Podfile.lock",
				"${PODS_ROOT}/Manifest.lock",
			);
			name = "[CP] Check Pods Manifest.lock";
			outputPaths = (
				"$(DERIVED_FILE_DIR)/Pods-MusicTaste-checkManifestLockResult.txt",
			);
			runOnlyForDeploymentPostprocessing = 0;
			shellPath = /bin/sh;
			shellScript = "diff \"${PODS_PODFILE_DIR_PATH}/Podfile.lock\" \"${PODS_ROOT}/Manifest.lock\" > /dev/null\nif [ $? != 0 ] ; then\n    # print error to STDERR\n    echo \"error: The sandbox is not in sync with the Podfile.lock. Run 'pod install' or update your CocoaPods installation.\" >&2\n    exit 1\nfi\n# This output is used by Xcode 'outputs' to avoid re-running this script phase.\necho \"SUCCESS\" > \"${SCRIPT_OUTPUT_FILE_0}\"\n";
			showEnvVarsInLog = 0;
		};
		D31313425666CA1FD2F10596 /* [CP] Check Pods Manifest.lock */ = {
			isa = PBXShellScriptBuildPhase;
			buildActionMask = 2147483647;
			files = (
			);
			inputPaths = (
				"${PODS_PODFILE_DIR_PATH}/Podfile.lock",
				"${PODS_ROOT}/Manifest.lock",
			);
			name = "[CP] Check Pods Manifest.lock";
			outputPaths = (
				"$(DERIVED_FILE_DIR)/Pods-MusicTasteTests-checkManifestLockResult.txt",
			);
			runOnlyForDeploymentPostprocessing = 0;
			shellPath = /bin/sh;
			shellScript = "diff \"${PODS_PODFILE_DIR_PATH}/Podfile.lock\" \"${PODS_ROOT}/Manifest.lock\" > /dev/null\nif [ $? != 0 ] ; then\n    # print error to STDERR\n    echo \"error: The sandbox is not in sync with the Podfile.lock. Run 'pod install' or update your CocoaPods installation.\" >&2\n    exit 1\nfi\n# This output is used by Xcode 'outputs' to avoid re-running this script phase.\necho \"SUCCESS\" > \"${SCRIPT_OUTPUT_FILE_0}\"\n";
			showEnvVarsInLog = 0;
		};
/* End PBXShellScriptBuildPhase section */

/* Begin PBXSourcesBuildPhase section */
		459577802874F04300D566DE /* Sources */ = {
			isa = PBXSourcesBuildPhase;
			buildActionMask = 2147483647;
			files = (
				455B2EE62878B89B00524595 /* ConnectButton.m in Sources */,
				4578A3E22876323800EB96A0 /* SpotifyAPIManager.m in Sources */,
				459577892874F04300D566DE /* AppDelegate.m in Sources */,
				45FDD0562885E0C1003483A5 /* MatchingAlgorithm.m in Sources */,
				45B3C47F28986D9E00043E36 /* EditViewController.m in Sources */,
				4595779A2874F04500D566DE /* main.m in Sources */,
				4578A3E52876525A00EB96A0 /* MatchCell.m in Sources */,
				4595778C2874F04300D566DE /* SceneDelegate.m in Sources */,
				45B3C4812898FC6000043E36 /* MatchmakingViewController.m in Sources */,
				459577C428760DB800D566DE /* ProfileViewController.m in Sources */,
				459577BE28760D8900D566DE /* ConnectViewController.m in Sources */,
				45FDD0532881B55F003483A5 /* User.m in Sources */,
				455B2EE32878B85D00524595 /* ConnectView.m in Sources */,
				4507AF44289465CC00DF3D8E /* DetailsViewController.m in Sources */,
				45B0EA52287EF86E00C4ABD2 /* LoginViewController.m in Sources */,
			);
			runOnlyForDeploymentPostprocessing = 0;
		};
		4595779B2874F04500D566DE /* Sources */ = {
			isa = PBXSourcesBuildPhase;
			buildActionMask = 2147483647;
			files = (
				459577A42874F04500D566DE /* MusicTasteTests.m in Sources */,
			);
			runOnlyForDeploymentPostprocessing = 0;
		};
		459577A52874F04500D566DE /* Sources */ = {
			isa = PBXSourcesBuildPhase;
			buildActionMask = 2147483647;
			files = (
				459577B02874F04500D566DE /* MusicTasteUITestsLaunchTests.m in Sources */,
				459577AE2874F04500D566DE /* MusicTasteUITests.m in Sources */,
			);
			runOnlyForDeploymentPostprocessing = 0;
		};
/* End PBXSourcesBuildPhase section */

/* Begin PBXTargetDependency section */
		459577A12874F04500D566DE /* PBXTargetDependency */ = {
			isa = PBXTargetDependency;
			target = 459577832874F04300D566DE /* MusicTaste */;
			targetProxy = 459577A02874F04500D566DE /* PBXContainerItemProxy */;
		};
		459577AB2874F04500D566DE /* PBXTargetDependency */ = {
			isa = PBXTargetDependency;
			target = 459577832874F04300D566DE /* MusicTaste */;
			targetProxy = 459577AA2874F04500D566DE /* PBXContainerItemProxy */;
		};
/* End PBXTargetDependency section */

/* Begin PBXVariantGroup section */
		459577902874F04300D566DE /* Main.storyboard */ = {
			isa = PBXVariantGroup;
			children = (
				459577912874F04300D566DE /* Base */,
			);
			name = Main.storyboard;
			sourceTree = "<group>";
		};
		459577952874F04500D566DE /* LaunchScreen.storyboard */ = {
			isa = PBXVariantGroup;
			children = (
				459577962874F04500D566DE /* Base */,
			);
			name = LaunchScreen.storyboard;
			sourceTree = "<group>";
		};
/* End PBXVariantGroup section */

/* Begin XCBuildConfiguration section */
		459577B12874F04500D566DE /* Debug */ = {
			isa = XCBuildConfiguration;
			buildSettings = {
				ALWAYS_SEARCH_USER_PATHS = NO;
				CLANG_ANALYZER_NONNULL = YES;
				CLANG_ANALYZER_NUMBER_OBJECT_CONVERSION = YES_AGGRESSIVE;
				CLANG_CXX_LANGUAGE_STANDARD = "gnu++17";
				CLANG_ENABLE_MODULES = YES;
				CLANG_ENABLE_OBJC_ARC = YES;
				CLANG_ENABLE_OBJC_WEAK = YES;
				CLANG_WARN_BLOCK_CAPTURE_AUTORELEASING = YES;
				CLANG_WARN_BOOL_CONVERSION = YES;
				CLANG_WARN_COMMA = YES;
				CLANG_WARN_CONSTANT_CONVERSION = YES;
				CLANG_WARN_DEPRECATED_OBJC_IMPLEMENTATIONS = YES;
				CLANG_WARN_DIRECT_OBJC_ISA_USAGE = YES_ERROR;
				CLANG_WARN_DOCUMENTATION_COMMENTS = YES;
				CLANG_WARN_EMPTY_BODY = YES;
				CLANG_WARN_ENUM_CONVERSION = YES;
				CLANG_WARN_INFINITE_RECURSION = YES;
				CLANG_WARN_INT_CONVERSION = YES;
				CLANG_WARN_NON_LITERAL_NULL_CONVERSION = YES;
				CLANG_WARN_OBJC_IMPLICIT_RETAIN_SELF = YES;
				CLANG_WARN_OBJC_LITERAL_CONVERSION = YES;
				CLANG_WARN_OBJC_ROOT_CLASS = YES_ERROR;
				CLANG_WARN_QUOTED_INCLUDE_IN_FRAMEWORK_HEADER = YES;
				CLANG_WARN_RANGE_LOOP_ANALYSIS = YES;
				CLANG_WARN_STRICT_PROTOTYPES = YES;
				CLANG_WARN_SUSPICIOUS_MOVE = YES;
				CLANG_WARN_UNGUARDED_AVAILABILITY = YES_AGGRESSIVE;
				CLANG_WARN_UNREACHABLE_CODE = YES;
				CLANG_WARN__DUPLICATE_METHOD_MATCH = YES;
				COPY_PHASE_STRIP = NO;
				DEBUG_INFORMATION_FORMAT = dwarf;
				ENABLE_STRICT_OBJC_MSGSEND = YES;
				ENABLE_TESTABILITY = YES;
				GCC_C_LANGUAGE_STANDARD = gnu11;
				GCC_DYNAMIC_NO_PIC = NO;
				GCC_NO_COMMON_BLOCKS = YES;
				GCC_OPTIMIZATION_LEVEL = 0;
				GCC_PREPROCESSOR_DEFINITIONS = (
					"DEBUG=1",
					"$(inherited)",
				);
				GCC_WARN_64_TO_32_BIT_CONVERSION = YES;
				GCC_WARN_ABOUT_RETURN_TYPE = YES_ERROR;
				GCC_WARN_UNDECLARED_SELECTOR = YES;
				GCC_WARN_UNINITIALIZED_AUTOS = YES_AGGRESSIVE;
				GCC_WARN_UNUSED_FUNCTION = YES;
				GCC_WARN_UNUSED_VARIABLE = YES;
				IPHONEOS_DEPLOYMENT_TARGET = 15.5;
				MTL_ENABLE_DEBUG_INFO = INCLUDE_SOURCE;
				MTL_FAST_MATH = YES;
				ONLY_ACTIVE_ARCH = YES;
				OTHER_LDFLAGS = "-ObjC";
				SDKROOT = iphoneos;
			};
			name = Debug;
		};
		459577B22874F04500D566DE /* Release */ = {
			isa = XCBuildConfiguration;
			buildSettings = {
				ALWAYS_SEARCH_USER_PATHS = NO;
				CLANG_ANALYZER_NONNULL = YES;
				CLANG_ANALYZER_NUMBER_OBJECT_CONVERSION = YES_AGGRESSIVE;
				CLANG_CXX_LANGUAGE_STANDARD = "gnu++17";
				CLANG_ENABLE_MODULES = YES;
				CLANG_ENABLE_OBJC_ARC = YES;
				CLANG_ENABLE_OBJC_WEAK = YES;
				CLANG_WARN_BLOCK_CAPTURE_AUTORELEASING = YES;
				CLANG_WARN_BOOL_CONVERSION = YES;
				CLANG_WARN_COMMA = YES;
				CLANG_WARN_CONSTANT_CONVERSION = YES;
				CLANG_WARN_DEPRECATED_OBJC_IMPLEMENTATIONS = YES;
				CLANG_WARN_DIRECT_OBJC_ISA_USAGE = YES_ERROR;
				CLANG_WARN_DOCUMENTATION_COMMENTS = YES;
				CLANG_WARN_EMPTY_BODY = YES;
				CLANG_WARN_ENUM_CONVERSION = YES;
				CLANG_WARN_INFINITE_RECURSION = YES;
				CLANG_WARN_INT_CONVERSION = YES;
				CLANG_WARN_NON_LITERAL_NULL_CONVERSION = YES;
				CLANG_WARN_OBJC_IMPLICIT_RETAIN_SELF = YES;
				CLANG_WARN_OBJC_LITERAL_CONVERSION = YES;
				CLANG_WARN_OBJC_ROOT_CLASS = YES_ERROR;
				CLANG_WARN_QUOTED_INCLUDE_IN_FRAMEWORK_HEADER = YES;
				CLANG_WARN_RANGE_LOOP_ANALYSIS = YES;
				CLANG_WARN_STRICT_PROTOTYPES = YES;
				CLANG_WARN_SUSPICIOUS_MOVE = YES;
				CLANG_WARN_UNGUARDED_AVAILABILITY = YES_AGGRESSIVE;
				CLANG_WARN_UNREACHABLE_CODE = YES;
				CLANG_WARN__DUPLICATE_METHOD_MATCH = YES;
				COPY_PHASE_STRIP = NO;
				DEBUG_INFORMATION_FORMAT = "dwarf-with-dsym";
				ENABLE_NS_ASSERTIONS = NO;
				ENABLE_STRICT_OBJC_MSGSEND = YES;
				GCC_C_LANGUAGE_STANDARD = gnu11;
				GCC_NO_COMMON_BLOCKS = YES;
				GCC_WARN_64_TO_32_BIT_CONVERSION = YES;
				GCC_WARN_ABOUT_RETURN_TYPE = YES_ERROR;
				GCC_WARN_UNDECLARED_SELECTOR = YES;
				GCC_WARN_UNINITIALIZED_AUTOS = YES_AGGRESSIVE;
				GCC_WARN_UNUSED_FUNCTION = YES;
				GCC_WARN_UNUSED_VARIABLE = YES;
				IPHONEOS_DEPLOYMENT_TARGET = 15.5;
				MTL_ENABLE_DEBUG_INFO = NO;
				MTL_FAST_MATH = YES;
				OTHER_LDFLAGS = "-ObjC";
				SDKROOT = iphoneos;
				VALIDATE_PRODUCT = YES;
			};
			name = Release;
		};
		459577B42874F04500D566DE /* Debug */ = {
			isa = XCBuildConfiguration;
			baseConfigurationReference = 7BCEEB28C3CCC4CE38BF9D3D /* Pods-MusicTaste.debug.xcconfig */;
			buildSettings = {
				ASSETCATALOG_COMPILER_APPICON_NAME = AppIcon;
				ASSETCATALOG_COMPILER_GLOBAL_ACCENT_COLOR_NAME = AccentColor;
				CODE_SIGN_STYLE = Automatic;
				CURRENT_PROJECT_VERSION = 1;
				DEVELOPMENT_TEAM = 78JW727S8R;
				FRAMEWORK_SEARCH_PATHS = (
					"$(inherited)",
					"$(PROJECT_DIR)",
				);
				GENERATE_INFOPLIST_FILE = YES;
				INFOPLIST_FILE = MusicTaste/Info.plist;
				INFOPLIST_KEY_UIApplicationSupportsIndirectInputEvents = YES;
				INFOPLIST_KEY_UILaunchStoryboardName = LaunchScreen;
				INFOPLIST_KEY_UIMainStoryboardFile = Main;
				INFOPLIST_KEY_UISupportedInterfaceOrientations_iPad = "UIInterfaceOrientationPortrait UIInterfaceOrientationPortraitUpsideDown UIInterfaceOrientationLandscapeLeft UIInterfaceOrientationLandscapeRight";
				INFOPLIST_KEY_UISupportedInterfaceOrientations_iPhone = "UIInterfaceOrientationPortrait UIInterfaceOrientationLandscapeLeft UIInterfaceOrientationLandscapeRight";
				LD_RUNPATH_SEARCH_PATHS = (
					"$(inherited)",
					"@executable_path/Frameworks",
				);
				MARKETING_VERSION = 1.0;
				PRODUCT_BUNDLE_IDENTIFIER = com.amanial.MusicTaste;
				PRODUCT_NAME = "$(TARGET_NAME)";
				SWIFT_EMIT_LOC_STRINGS = YES;
				TARGETED_DEVICE_FAMILY = "1,2";
			};
			name = Debug;
		};
		459577B52874F04500D566DE /* Release */ = {
			isa = XCBuildConfiguration;
			baseConfigurationReference = 72591BDFFA3BFA9B3F91603D /* Pods-MusicTaste.release.xcconfig */;
			buildSettings = {
				ASSETCATALOG_COMPILER_APPICON_NAME = AppIcon;
				ASSETCATALOG_COMPILER_GLOBAL_ACCENT_COLOR_NAME = AccentColor;
				CODE_SIGN_STYLE = Automatic;
				CURRENT_PROJECT_VERSION = 1;
				DEVELOPMENT_TEAM = 78JW727S8R;
				FRAMEWORK_SEARCH_PATHS = (
					"$(inherited)",
					"$(PROJECT_DIR)",
				);
				GENERATE_INFOPLIST_FILE = YES;
				INFOPLIST_FILE = MusicTaste/Info.plist;
				INFOPLIST_KEY_UIApplicationSupportsIndirectInputEvents = YES;
				INFOPLIST_KEY_UILaunchStoryboardName = LaunchScreen;
				INFOPLIST_KEY_UIMainStoryboardFile = Main;
				INFOPLIST_KEY_UISupportedInterfaceOrientations_iPad = "UIInterfaceOrientationPortrait UIInterfaceOrientationPortraitUpsideDown UIInterfaceOrientationLandscapeLeft UIInterfaceOrientationLandscapeRight";
				INFOPLIST_KEY_UISupportedInterfaceOrientations_iPhone = "UIInterfaceOrientationPortrait UIInterfaceOrientationLandscapeLeft UIInterfaceOrientationLandscapeRight";
				LD_RUNPATH_SEARCH_PATHS = (
					"$(inherited)",
					"@executable_path/Frameworks",
				);
				MARKETING_VERSION = 1.0;
				PRODUCT_BUNDLE_IDENTIFIER = com.amanial.MusicTaste;
				PRODUCT_NAME = "$(TARGET_NAME)";
				SWIFT_EMIT_LOC_STRINGS = YES;
				TARGETED_DEVICE_FAMILY = "1,2";
			};
			name = Release;
		};
		459577B72874F04500D566DE /* Debug */ = {
			isa = XCBuildConfiguration;
			baseConfigurationReference = E55D3F626A9C1C281E979808 /* Pods-MusicTasteTests.debug.xcconfig */;
			buildSettings = {
				BUNDLE_LOADER = "$(TEST_HOST)";
				CODE_SIGN_STYLE = Automatic;
				CURRENT_PROJECT_VERSION = 1;
				DEVELOPMENT_TEAM = 78JW727S8R;
				GENERATE_INFOPLIST_FILE = YES;
				IPHONEOS_DEPLOYMENT_TARGET = 15.5;
				MARKETING_VERSION = 1.0;
				PRODUCT_BUNDLE_IDENTIFIER = com.amanial.MusicTasteTests;
				PRODUCT_NAME = "$(TARGET_NAME)";
				SWIFT_EMIT_LOC_STRINGS = NO;
				TARGETED_DEVICE_FAMILY = "1,2";
				TEST_HOST = "$(BUILT_PRODUCTS_DIR)/MusicTaste.app/MusicTaste";
			};
			name = Debug;
		};
		459577B82874F04500D566DE /* Release */ = {
			isa = XCBuildConfiguration;
			baseConfigurationReference = 047EF19126B25DCAA859E7C6 /* Pods-MusicTasteTests.release.xcconfig */;
			buildSettings = {
				BUNDLE_LOADER = "$(TEST_HOST)";
				CODE_SIGN_STYLE = Automatic;
				CURRENT_PROJECT_VERSION = 1;
				DEVELOPMENT_TEAM = 78JW727S8R;
				GENERATE_INFOPLIST_FILE = YES;
				IPHONEOS_DEPLOYMENT_TARGET = 15.5;
				MARKETING_VERSION = 1.0;
				PRODUCT_BUNDLE_IDENTIFIER = com.amanial.MusicTasteTests;
				PRODUCT_NAME = "$(TARGET_NAME)";
				SWIFT_EMIT_LOC_STRINGS = NO;
				TARGETED_DEVICE_FAMILY = "1,2";
				TEST_HOST = "$(BUILT_PRODUCTS_DIR)/MusicTaste.app/MusicTaste";
			};
			name = Release;
		};
		459577BA2874F04500D566DE /* Debug */ = {
			isa = XCBuildConfiguration;
			baseConfigurationReference = B6E134AEED0782CD067C574F /* Pods-MusicTasteUITests.debug.xcconfig */;
			buildSettings = {
				CODE_SIGN_STYLE = Automatic;
				CURRENT_PROJECT_VERSION = 1;
				DEVELOPMENT_TEAM = 78JW727S8R;
				FRAMEWORK_SEARCH_PATHS = (
					"$(inherited)",
					"$(PROJECT_DIR)",
				);
				GENERATE_INFOPLIST_FILE = YES;
				MARKETING_VERSION = 1.0;
				PRODUCT_BUNDLE_IDENTIFIER = com.amanial.MusicTasteUITests;
				PRODUCT_NAME = "$(TARGET_NAME)";
				SWIFT_EMIT_LOC_STRINGS = NO;
				TARGETED_DEVICE_FAMILY = "1,2";
				TEST_TARGET_NAME = MusicTaste;
			};
			name = Debug;
		};
		459577BB2874F04500D566DE /* Release */ = {
			isa = XCBuildConfiguration;
			baseConfigurationReference = AFB78AFA4A4E6C836384A772 /* Pods-MusicTasteUITests.release.xcconfig */;
			buildSettings = {
				CODE_SIGN_STYLE = Automatic;
				CURRENT_PROJECT_VERSION = 1;
				DEVELOPMENT_TEAM = 78JW727S8R;
				FRAMEWORK_SEARCH_PATHS = (
					"$(inherited)",
					"$(PROJECT_DIR)",
				);
				GENERATE_INFOPLIST_FILE = YES;
				MARKETING_VERSION = 1.0;
				PRODUCT_BUNDLE_IDENTIFIER = com.amanial.MusicTasteUITests;
				PRODUCT_NAME = "$(TARGET_NAME)";
				SWIFT_EMIT_LOC_STRINGS = NO;
				TARGETED_DEVICE_FAMILY = "1,2";
				TEST_TARGET_NAME = MusicTaste;
			};
			name = Release;
		};
/* End XCBuildConfiguration section */

/* Begin XCConfigurationList section */
		4595777F2874F04300D566DE /* Build configuration list for PBXProject "MusicTaste" */ = {
			isa = XCConfigurationList;
			buildConfigurations = (
				459577B12874F04500D566DE /* Debug */,
				459577B22874F04500D566DE /* Release */,
			);
			defaultConfigurationIsVisible = 0;
			defaultConfigurationName = Release;
		};
		459577B32874F04500D566DE /* Build configuration list for PBXNativeTarget "MusicTaste" */ = {
			isa = XCConfigurationList;
			buildConfigurations = (
				459577B42874F04500D566DE /* Debug */,
				459577B52874F04500D566DE /* Release */,
			);
			defaultConfigurationIsVisible = 0;
			defaultConfigurationName = Release;
		};
		459577B62874F04500D566DE /* Build configuration list for PBXNativeTarget "MusicTasteTests" */ = {
			isa = XCConfigurationList;
			buildConfigurations = (
				459577B72874F04500D566DE /* Debug */,
				459577B82874F04500D566DE /* Release */,
			);
			defaultConfigurationIsVisible = 0;
			defaultConfigurationName = Release;
		};
		459577B92874F04500D566DE /* Build configuration list for PBXNativeTarget "MusicTasteUITests" */ = {
			isa = XCConfigurationList;
			buildConfigurations = (
				459577BA2874F04500D566DE /* Debug */,
				459577BB2874F04500D566DE /* Release */,
			);
			defaultConfigurationIsVisible = 0;
			defaultConfigurationName = Release;
		};
/* End XCConfigurationList section */
	};
	rootObject = 4595777C2874F04300D566DE /* Project object */;
}
